
Microsoft Visual Studio Solution File, Format Version 12.00
# Visual Studio 15
VisualStudioVersion = 15.0.28307.168
MinimumVisualStudioVersion = 10.0.40219.1
Project("{FAE04EC0-301F-11D3-BF4B-00C04F79EFBC}") = "LudoGame", "LudoGame\LudoGame.csproj", "{BB643B4C-DF0A-4880-99BF-D0B7E169D1F0}"
EndProject
Project("{FAE04EC0-301F-11D3-BF4B-00C04F79EFBC}") = "GameEngine", "GameEngine\GameEngine.csproj", "{A2BD8B93-C9C0-46D2-B5BB-963AF26D2586}"
EndProject
Global
	GlobalSection(SolutionConfigurationPlatforms) = preSolution
		Debug|Any CPU = Debug|Any CPU
		Release|Any CPU = Release|Any CPU
	EndGlobalSection
	GlobalSection(ProjectConfigurationPlatforms) = postSolution
		{BB643B4C-DF0A-4880-99BF-D0B7E169D1F0}.Debug|Any CPU.ActiveCfg = Debug|Any CPU
		{BB643B4C-DF0A-4880-99BF-D0B7E169D1F0}.Debug|Any CPU.Build.0 = Debug|Any CPU
		{BB643B4C-DF0A-4880-99BF-D0B7E169D1F0}.Release|Any CPU.ActiveCfg = Release|Any CPU
		{BB643B4C-DF0A-4880-99BF-D0B7E169D1F0}.Release|Any CPU.Build.0 = Release|Any CPU
		{A2BD8B93-C9C0-46D2-B5BB-963AF26D2586}.Debug|Any CPU.ActiveCfg = Debug|Any CPU
		{A2BD8B93-C9C0-46D2-B5BB-963AF26D2586}.Debug|Any CPU.Build.0 = Debug|Any CPU
		{A2BD8B93-C9C0-46D2-B5BB-963AF26D2586}.Release|Any CPU.ActiveCfg = Release|Any CPU
		{A2BD8B93-C9C0-46D2-B5BB-963AF26D2586}.Release|Any CPU.Build.0 = Release|Any CPU
	EndGlobalSection
	GlobalSection(SolutionProperties) = preSolution
		HideSolutionNode = FALSE
	EndGlobalSection
	GlobalSection(ExtensibilityGlobals) = postSolution
		SolutionGuid = {9B7AECBB-7605-4041-B23D-40E5C8CDC578}
	EndGlobalSection
EndGlobal
